
Microsoft Visual Studio Solution File, Format Version 12.00
# Visual Studio Version 16
VisualStudioVersion = 16.0.28803.156
MinimumVisualStudioVersion = 10.0.40219.1
Project("{FAE04EC0-301F-11D3-BF4B-00C04F79EFBC}") = "QuickCuts", "QuickCuts\QuickCuts.csproj", "{87A2D7F6-3619-4621-9CFD-4D57B4AE2F41}"
EndProject
Global
	GlobalSection(SolutionConfigurationPlatforms) = preSolution
		Debug|Any CPU = Debug|Any CPU
		Release|Any CPU = Release|Any CPU
	EndGlobalSection
	GlobalSection(ProjectConfigurationPlatforms) = postSolution
		{87A2D7F6-3619-4621-9CFD-4D57B4AE2F41}.Debug|Any CPU.ActiveCfg = Debug|Any CPU
		{87A2D7F6-3619-4621-9CFD-4D57B4AE2F41}.Debug|Any CPU.Build.0 = Debug|Any CPU
		{87A2D7F6-3619-4621-9CFD-4D57B4AE2F41}.Release|Any CPU.ActiveCfg = Release|Any CPU
		{87A2D7F6-3619-4621-9CFD-4D57B4AE2F41}.Release|Any CPU.Build.0 = Release|Any CPU
	EndGlobalSection
	GlobalSection(SolutionProperties) = preSolution
		HideSolutionNode = FALSE
	EndGlobalSection
	GlobalSection(ExtensibilityGlobals) = postSolution
		SolutionGuid = {041E6EA5-6A89-4E24-A241-C7117F4F4C88}
	EndGlobalSection
EndGlobal
